
Microsoft Visual Studio Solution File, Format Version 12.00
# Visual Studio Version 17
VisualStudioVersion = 17.13.36105.23
MinimumVisualStudioVersion = 10.0.40219.1
Project("{FAE04EC0-301F-11D3-BF4B-00C04F79EFBC}") = "TCC-Web-ERP", "TCC-Web-ERP.csproj", "{B6831471-D131-443C-8914-EF38D778EF07}"
EndProject
Global
	GlobalSection(SolutionConfigurationPlatforms) = preSolution
		Debug|Any CPU = Debug|Any CPU
		Release|Any CPU = Release|Any CPU
	EndGlobalSection
	GlobalSection(ProjectConfigurationPlatforms) = postSolution
		{B6831471-D131-443C-8914-EF38D778EF07}.Debug|Any CPU.ActiveCfg = Debug|Any CPU
		{B6831471-D131-443C-8914-EF38D778EF07}.Debug|Any CPU.Build.0 = Debug|Any CPU
		{B6831471-D131-443C-8914-EF38D778EF07}.Release|Any CPU.ActiveCfg = Release|Any CPU
		{B6831471-D131-443C-8914-EF38D778EF07}.Release|Any CPU.Build.0 = Release|Any CPU
	EndGlobalSection
	GlobalSection(SolutionProperties) = preSolution
		HideSolutionNode = FALSE
	EndGlobalSection
	GlobalSection(ExtensibilityGlobals) = postSolution
		SolutionGuid = {2F04CB0B-510B-440E-9E86-FDBCFA455897}
	EndGlobalSection
EndGlobal
